
Microsoft Visual Studio Solution File, Format Version 12.00
# Visual Studio Version 16
VisualStudioVersion = 16.0.30002.166
MinimumVisualStudioVersion = 10.0.40219.1
Project("{FAE04EC0-301F-11D3-BF4B-00C04F79EFBC}") = "ToDo", "ToDo\ToDo.csproj", "{2CB1665E-347A-4E55-B800-B08CAE04D8F4}"
EndProject
Project("{FAE04EC0-301F-11D3-BF4B-00C04F79EFBC}") = "Data", "Data\Data.csproj", "{C24CD104-D787-49F8-8194-3F0B66D976E8}"
EndProject
Project("{FAE04EC0-301F-11D3-BF4B-00C04F79EFBC}") = "Core", "Core\Core.csproj", "{274F4796-BD44-42CA-A499-12065C72DE38}"
EndProject
Global
	GlobalSection(SolutionConfigurationPlatforms) = preSolution
		Debug|Any CPU = Debug|Any CPU
		Release|Any CPU = Release|Any CPU
	EndGlobalSection
	GlobalSection(ProjectConfigurationPlatforms) = postSolution
		{2CB1665E-347A-4E55-B800-B08CAE04D8F4}.Debug|Any CPU.ActiveCfg = Debug|Any CPU
		{2CB1665E-347A-4E55-B800-B08CAE04D8F4}.Debug|Any CPU.Build.0 = Debug|Any CPU
		{2CB1665E-347A-4E55-B800-B08CAE04D8F4}.Release|Any CPU.ActiveCfg = Release|Any CPU
		{2CB1665E-347A-4E55-B800-B08CAE04D8F4}.Release|Any CPU.Build.0 = Release|Any CPU
		{C24CD104-D787-49F8-8194-3F0B66D976E8}.Debug|Any CPU.ActiveCfg = Debug|Any CPU
		{C24CD104-D787-49F8-8194-3F0B66D976E8}.Debug|Any CPU.Build.0 = Debug|Any CPU
		{C24CD104-D787-49F8-8194-3F0B66D976E8}.Release|Any CPU.ActiveCfg = Release|Any CPU
		{C24CD104-D787-49F8-8194-3F0B66D976E8}.Release|Any CPU.Build.0 = Release|Any CPU
		{274F4796-BD44-42CA-A499-12065C72DE38}.Debug|Any CPU.ActiveCfg = Debug|Any CPU
		{274F4796-BD44-42CA-A499-12065C72DE38}.Debug|Any CPU.Build.0 = Debug|Any CPU
		{274F4796-BD44-42CA-A499-12065C72DE38}.Release|Any CPU.ActiveCfg = Release|Any CPU
		{274F4796-BD44-42CA-A499-12065C72DE38}.Release|Any CPU.Build.0 = Release|Any CPU
	EndGlobalSection
	GlobalSection(SolutionProperties) = preSolution
		HideSolutionNode = FALSE
	EndGlobalSection
	GlobalSection(ExtensibilityGlobals) = postSolution
		SolutionGuid = {ED95D4B9-041B-48C4-A49D-9C1113F5EC2E}
	EndGlobalSection
EndGlobal
